// !$*UTF8*$!
{
	archiveVersion = 1;
	classes = {
	};
	objectVersion = 48;
	objects = {

/* Begin PBXBuildFile section */
		1819EE9F1F5D2E8C001AE0D4 /* AppDelegate.m in Sources */ = {isa = PBXBuildFile; fileRef = 1819EE9E1F5D2E8C001AE0D4 /* AppDelegate.m */; };
		1819EEA11F5D2E8C001AE0D4 /* art.scnassets in Resources */ = {isa = PBXBuildFile; fileRef = 1819EEA01F5D2E8C001AE0D4 /* art.scnassets */; };
		1819EEA41F5D2E8C001AE0D4 /* ViewController.mm in Sources */ = {isa = PBXBuildFile; fileRef = 1819EEA31F5D2E8C001AE0D4 /* ViewController.mm */; };
		1819EEA71F5D2E8C001AE0D4 /* Main.storyboard in Resources */ = {isa = PBXBuildFile; fileRef = 1819EEA51F5D2E8C001AE0D4 /* Main.storyboard */; };
		1819EEA91F5D2E8C001AE0D4 /* Assets.xcassets in Resources */ = {isa = PBXBuildFile; fileRef = 1819EEA81F5D2E8C001AE0D4 /* Assets.xcassets */; };
		1819EEAC1F5D2E8C001AE0D4 /* LaunchScreen.storyboard in Resources */ = {isa = PBXBuildFile; fileRef = 1819EEAA1F5D2E8C001AE0D4 /* LaunchScreen.storyboard */; };
		1819EEAF1F5D2E8C001AE0D4 /* main.m in Sources */ = {isa = PBXBuildFile; fileRef = 1819EEAE1F5D2E8C001AE0D4 /* main.m */; };
		1819EEDB1F5D3A90001AE0D4 /* SCNSceneExtension.m in Sources */ = {isa = PBXBuildFile; fileRef = 1819EEDA1F5D3A90001AE0D4 /* SCNSceneExtension.m */; };
		18FCB2311F5D5DF100105B8D /* Scene.mm in Sources */ = {isa = PBXBuildFile; fileRef = 18FCB2301F5D5DF100105B8D /* Scene.mm */; };
		18FCB2351F5D5E5E00105B8D /* SceneKit.framework in Frameworks */ = {isa = PBXBuildFile; fileRef = 18FCB2341F5D5E5E00105B8D /* SceneKit.framework */; };
		18FCB2371F5D5E6700105B8D /* ARKit.framework in Frameworks */ = {isa = PBXBuildFile; fileRef = 18FCB2361F5D5E6700105B8D /* ARKit.framework */; };
		18FCB2391F5D612C00105B8D /* CoreMotion.framework in Frameworks */ = {isa = PBXBuildFile; fileRef = 18FCB2381F5D612C00105B8D /* CoreMotion.framework */; };
		18FCB23C1F5D757E00105B8D /* UIAlertView+Blocks.m in Sources */ = {isa = PBXBuildFile; fileRef = 18FCB23B1F5D757E00105B8D /* UIAlertView+Blocks.m */; };
		18FCB23E1F5D7BAD00105B8D /* SpriteKit.framework in Frameworks */ = {isa = PBXBuildFile; fileRef = 18FCB23D1F5D7BAD00105B8D /* SpriteKit.framework */; };
		18FCB2401F5D7C3C00105B8D /* reset.png in Resources */ = {isa = PBXBuildFile; fileRef = 18FCB23F1F5D7C3C00105B8D /* reset.png */; };
		18FCB2431F5D805000105B8D /* distance_notify.png in Resources */ = {isa = PBXBuildFile; fileRef = 18FCB2411F5D804F00105B8D /* distance_notify.png */; };
		18FCB2441F5D805000105B8D /* direction_notify.png in Resources */ = {isa = PBXBuildFile; fileRef = 18FCB2421F5D805000105B8D /* direction_notify.png */; };
/* End PBXBuildFile section */

/* Begin PBXFileReference section */
		1819EE9A1F5D2E8C001AE0D4 /* scenekit_AR.app */ = {isa = PBXFileReference; explicitFileType = wrapper.application; includeInIndex = 0; path = scenekit_AR.app; sourceTree = BUILT_PRODUCTS_DIR; };
		1819EE9D1F5D2E8C001AE0D4 /* AppDelegate.h */ = {isa = PBXFileReference; lastKnownFileType = sourcecode.c.h; path = AppDelegate.h; sourceTree = "<group>"; };
		1819EE9E1F5D2E8C001AE0D4 /* AppDelegate.m */ = {isa = PBXFileReference; lastKnownFileType = sourcecode.c.objc; path = AppDelegate.m; sourceTree = "<group>"; };
		1819EEA01F5D2E8C001AE0D4 /* art.scnassets */ = {isa = PBXFileReference; lastKnownFileType = wrapper.scnassets; path = art.scnassets; sourceTree = "<group>"; };
		1819EEA21F5D2E8C001AE0D4 /* ViewController.h */ = {isa = PBXFileReference; lastKnownFileType = sourcecode.c.h; path = ViewController.h; sourceTree = "<group>"; };
		1819EEA31F5D2E8C001AE0D4 /* ViewController.mm */ = {isa = PBXFileReference; lastKnownFileType = sourcecode.cpp.objcpp; path = ViewController.mm; sourceTree = "<group>"; };
		1819EEA61F5D2E8C001AE0D4 /* Base */ = {isa = PBXFileReference; lastKnownFileType = file.storyboard; name = Base; path = Base.lproj/Main.storyboard; sourceTree = "<group>"; };
		1819EEA81F5D2E8C001AE0D4 /* Assets.xcassets */ = {isa = PBXFileReference; lastKnownFileType = folder.assetcatalog; path = Assets.xcassets; sourceTree = "<group>"; };
		1819EEAB1F5D2E8C001AE0D4 /* Base */ = {isa = PBXFileReference; lastKnownFileType = file.storyboard; name = Base; path = Base.lproj/LaunchScreen.storyboard; sourceTree = "<group>"; };
		1819EEAD1F5D2E8C001AE0D4 /* Info.plist */ = {isa = PBXFileReference; lastKnownFileType = text.plist.xml; path = Info.plist; sourceTree = "<group>"; };
		1819EEAE1F5D2E8C001AE0D4 /* main.m */ = {isa = PBXFileReference; lastKnownFileType = sourcecode.c.objc; path = main.m; sourceTree = "<group>"; };
		1819EED91F5D3A5D001AE0D4 /* SCNSceneExtension.h */ = {isa = PBXFileReference; lastKnownFileType = sourcecode.c.h; path = SCNSceneExtension.h; sourceTree = "<group>"; };
		1819EEDA1F5D3A90001AE0D4 /* SCNSceneExtension.m */ = {isa = PBXFileReference; fileEncoding = 4; lastKnownFileType = sourcecode.c.objc; path = SCNSceneExtension.m; sourceTree = "<group>"; };
		18FCB2301F5D5DF100105B8D /* Scene.mm */ = {isa = PBXFileReference; lastKnownFileType = sourcecode.cpp.objcpp; path = Scene.mm; sourceTree = "<group>"; };
		18FCB2321F5D5E0800105B8D /* Scene.h */ = {isa = PBXFileReference; lastKnownFileType = sourcecode.c.h; path = Scene.h; sourceTree = "<group>"; };
		18FCB2341F5D5E5E00105B8D /* SceneKit.framework */ = {isa = PBXFileReference; lastKnownFileType = wrapper.framework; name = SceneKit.framework; path = System/Library/Frameworks/SceneKit.framework; sourceTree = SDKROOT; };
		18FCB2361F5D5E6700105B8D /* ARKit.framework */ = {isa = PBXFileReference; lastKnownFileType = wrapper.framework; name = ARKit.framework; path = System/Library/Frameworks/ARKit.framework; sourceTree = SDKROOT; };
		18FCB2381F5D612C00105B8D /* CoreMotion.framework */ = {isa = PBXFileReference; lastKnownFileType = wrapper.framework; name = CoreMotion.framework; path = System/Library/Frameworks/CoreMotion.framework; sourceTree = SDKROOT; };
		18FCB23A1F5D757D00105B8D /* UIAlertView+Blocks.h */ = {isa = PBXFileReference; fileEncoding = 4; lastKnownFileType = sourcecode.c.h; path = "UIAlertView+Blocks.h"; sourceTree = "<group>"; };
		18FCB23B1F5D757E00105B8D /* UIAlertView+Blocks.m */ = {isa = PBXFileReference; fileEncoding = 4; lastKnownFileType = sourcecode.c.objc; path = "UIAlertView+Blocks.m"; sourceTree = "<group>"; };
		18FCB23D1F5D7BAD00105B8D /* SpriteKit.framework */ = {isa = PBXFileReference; lastKnownFileType = wrapper.framework; name = SpriteKit.framework; path = System/Library/Frameworks/SpriteKit.framework; sourceTree = SDKROOT; };
		18FCB23F1F5D7C3C00105B8D /* reset.png */ = {isa = PBXFileReference; lastKnownFileType = image.png; path = reset.png; sourceTree = "<group>"; };
		18FCB2411F5D804F00105B8D /* distance_notify.png */ = {isa = PBXFileReference; lastKnownFileType = image.png; path = distance_notify.png; sourceTree = "<group>"; };
		18FCB2421F5D805000105B8D /* direction_notify.png */ = {isa = PBXFileReference; lastKnownFileType = image.png; path = direction_notify.png; sourceTree = "<group>"; };
/* End PBXFileReference section */

/* Begin PBXFrameworksBuildPhase section */
		1819EE971F5D2E8C001AE0D4 /* Frameworks */ = {
			isa = PBXFrameworksBuildPhase;
			buildActionMask = 2147483647;
			files = (
				18FCB23E1F5D7BAD00105B8D /* SpriteKit.framework in Frameworks */,
				18FCB2391F5D612C00105B8D /* CoreMotion.framework in Frameworks */,
				18FCB2371F5D5E6700105B8D /* ARKit.framework in Frameworks */,
				18FCB2351F5D5E5E00105B8D /* SceneKit.framework in Frameworks */,
			);
			runOnlyForDeploymentPostprocessing = 0;
		};
/* End PBXFrameworksBuildPhase section */

/* Begin PBXGroup section */
		1819EE911F5D2E8C001AE0D4 = {
			isa = PBXGroup;
			children = (
				1819EE9C1F5D2E8C001AE0D4 /* scenekit_AR */,
				1819EE9B1F5D2E8C001AE0D4 /* Products */,
				18FCB2331F5D5E5D00105B8D /* Frameworks */,
			);
			sourceTree = "<group>";
		};
		1819EE9B1F5D2E8C001AE0D4 /* Products */ = {
			isa = PBXGroup;
			children = (
				1819EE9A1F5D2E8C001AE0D4 /* scenekit_AR.app */,
			);
			name = Products;
			sourceTree = "<group>";
		};
		1819EE9C1F5D2E8C001AE0D4 /* scenekit_AR */ = {
			isa = PBXGroup;
			children = (
				18FCB2421F5D805000105B8D /* direction_notify.png */,
				18FCB2411F5D804F00105B8D /* distance_notify.png */,
				18FCB23F1F5D7C3C00105B8D /* reset.png */,
				18FCB23A1F5D757D00105B8D /* UIAlertView+Blocks.h */,
				18FCB23B1F5D757E00105B8D /* UIAlertView+Blocks.m */,
				1819EE9D1F5D2E8C001AE0D4 /* AppDelegate.h */,
				1819EE9E1F5D2E8C001AE0D4 /* AppDelegate.m */,
				1819EEA01F5D2E8C001AE0D4 /* art.scnassets */,
				1819EEA81F5D2E8C001AE0D4 /* Assets.xcassets */,
				1819EEAD1F5D2E8C001AE0D4 /* Info.plist */,
				1819EEAA1F5D2E8C001AE0D4 /* LaunchScreen.storyboard */,
				1819EEAE1F5D2E8C001AE0D4 /* main.m */,
				1819EEA51F5D2E8C001AE0D4 /* Main.storyboard */,
				1819EED91F5D3A5D001AE0D4 /* SCNSceneExtension.h */,
				1819EEDA1F5D3A90001AE0D4 /* SCNSceneExtension.m */,
				1819EEA21F5D2E8C001AE0D4 /* ViewController.h */,
				1819EEA31F5D2E8C001AE0D4 /* ViewController.mm */,
				18FCB2301F5D5DF100105B8D /* Scene.mm */,
				18FCB2321F5D5E0800105B8D /* Scene.h */,
			);
			path = scenekit_AR;
			sourceTree = "<group>";
		};
		18FCB2331F5D5E5D00105B8D /* Frameworks */ = {
			isa = PBXGroup;
			children = (
				18FCB23D1F5D7BAD00105B8D /* SpriteKit.framework */,
				18FCB2381F5D612C00105B8D /* CoreMotion.framework */,
				18FCB2361F5D5E6700105B8D /* ARKit.framework */,
				18FCB2341F5D5E5E00105B8D /* SceneKit.framework */,
			);
			name = Frameworks;
			sourceTree = "<group>";
		};
/* End PBXGroup section */

/* Begin PBXNativeTarget section */
		1819EE991F5D2E8C001AE0D4 /* scenekit_AR */ = {
			isa = PBXNativeTarget;
			buildConfigurationList = 1819EEB21F5D2E8C001AE0D4 /* Build configuration list for PBXNativeTarget "scenekit_AR" */;
			buildPhases = (
				1819EE961F5D2E8C001AE0D4 /* Sources */,
				1819EE971F5D2E8C001AE0D4 /* Frameworks */,
				1819EE981F5D2E8C001AE0D4 /* Resources */,
			);
			buildRules = (
			);
			dependencies = (
			);
			name = scenekit_AR;
			productName = scenekit_AR;
			productReference = 1819EE9A1F5D2E8C001AE0D4 /* scenekit_AR.app */;
			productType = "com.apple.product-type.application";
		};
/* End PBXNativeTarget section */

/* Begin PBXProject section */
		1819EE921F5D2E8C001AE0D4 /* Project object */ = {
			isa = PBXProject;
			attributes = {
				LastUpgradeCheck = 0900;
				ORGANIZATIONNAME = fish;
				TargetAttributes = {
					1819EE991F5D2E8C001AE0D4 = {
						CreatedOnToolsVersion = 9.0;
						ProvisioningStyle = Automatic;
					};
				};
			};
			buildConfigurationList = 1819EE951F5D2E8C001AE0D4 /* Build configuration list for PBXProject "scenekit_AR" */;
			compatibilityVersion = "Xcode 8.0";
			developmentRegion = en;
			hasScannedForEncodings = 0;
			knownRegions = (
				en,
				Base,
			);
			mainGroup = 1819EE911F5D2E8C001AE0D4;
			productRefGroup = 1819EE9B1F5D2E8C001AE0D4 /* Products */;
			projectDirPath = "";
			projectRoot = "";
			targets = (
				1819EE991F5D2E8C001AE0D4 /* scenekit_AR */,
			);
		};
/* End PBXProject section */

/* Begin PBXResourcesBuildPhase section */
		1819EE981F5D2E8C001AE0D4 /* Resources */ = {
			isa = PBXResourcesBuildPhase;
			buildActionMask = 2147483647;
			files = (
				1819EEA11F5D2E8C001AE0D4 /* art.scnassets in Resources */,
				18FCB2431F5D805000105B8D /* distance_notify.png in Resources */,
				18FCB2401F5D7C3C00105B8D /* reset.png in Resources */,
				1819EEAC1F5D2E8C001AE0D4 /* LaunchScreen.storyboard in Resources */,
				18FCB2441F5D805000105B8D /* direction_notify.png in Resources */,
				1819EEA91F5D2E8C001AE0D4 /* Assets.xcassets in Resources */,
				1819EEA71F5D2E8C001AE0D4 /* Main.storyboard in Resources */,
			);
			runOnlyForDeploymentPostprocessing = 0;
		};
/* End PBXResourcesBuildPhase section */

/* Begin PBXSourcesBuildPhase section */
		1819EE961F5D2E8C001AE0D4 /* Sources */ = {
			isa = PBXSourcesBuildPhase;
			buildActionMask = 2147483647;
			files = (
				1819EEA41F5D2E8C001AE0D4 /* ViewController.mm in Sources */,
				1819EEAF1F5D2E8C001AE0D4 /* main.m in Sources */,
				1819EEDB1F5D3A90001AE0D4 /* SCNSceneExtension.m in Sources */,
				18FCB23C1F5D757E00105B8D /* UIAlertView+Blocks.m in Sources */,
				1819EE9F1F5D2E8C001AE0D4 /* AppDelegate.m in Sources */,
				18FCB2311F5D5DF100105B8D /* Scene.mm in Sources */,
			);
			runOnlyForDeploymentPostprocessing = 0;
		};
/* End PBXSourcesBuildPhase section */

/* Begin PBXVariantGroup section */
		1819EEA51F5D2E8C001AE0D4 /* Main.storyboard */ = {
			isa = PBXVariantGroup;
			children = (
				1819EEA61F5D2E8C001AE0D4 /* Base */,
			);
			name = Main.storyboard;
			sourceTree = "<group>";
		};
		1819EEAA1F5D2E8C001AE0D4 /* LaunchScreen.storyboard */ = {
			isa = PBXVariantGroup;
			children = (
				1819EEAB1F5D2E8C001AE0D4 /* Base */,
			);
			name = LaunchScreen.storyboard;
			sourceTree = "<group>";
		};
/* End PBXVariantGroup section */

/* Begin XCBuildConfiguration section */
		1819EEB01F5D2E8C001AE0D4 /* Debug */ = {
			isa = XCBuildConfiguration;
			buildSettings = {
				ALWAYS_SEARCH_USER_PATHS = NO;
				CLANG_ANALYZER_NONNULL = YES;
				CLANG_ANALYZER_NUMBER_OBJECT_CONVERSION = YES_AGGRESSIVE;
				CLANG_CXX_LANGUAGE_STANDARD = "gnu++14";
				CLANG_CXX_LIBRARY = "libc++";
				CLANG_ENABLE_MODULES = YES;
				CLANG_ENABLE_OBJC_ARC = YES;
				CLANG_WARN_BLOCK_CAPTURE_AUTORELEASING = YES;
				CLANG_WARN_BOOL_CONVERSION = YES;
				CLANG_WARN_COMMA = YES;
				CLANG_WARN_CONSTANT_CONVERSION = YES;
				CLANG_WARN_DIRECT_OBJC_ISA_USAGE = YES_ERROR;
				CLANG_WARN_DOCUMENTATION_COMMENTS = YES;
				CLANG_WARN_EMPTY_BODY = YES;
				CLANG_WARN_ENUM_CONVERSION = YES;
				CLANG_WARN_INFINITE_RECURSION = YES;
				CLANG_WARN_INT_CONVERSION = YES;
				CLANG_WARN_NON_LITERAL_NULL_CONVERSION = YES;
				CLANG_WARN_OBJC_LITERAL_CONVERSION = YES;
				CLANG_WARN_OBJC_ROOT_CLASS = YES_ERROR;
				CLANG_WARN_RANGE_LOOP_ANALYSIS = YES;
				CLANG_WARN_STRICT_PROTOTYPES = YES;
				CLANG_WARN_SUSPICIOUS_MOVE = YES;
				CLANG_WARN_UNGUARDED_AVAILABILITY = YES_AGGRESSIVE;
				CLANG_WARN_UNREACHABLE_CODE = YES;
				CLANG_WARN__DUPLICATE_METHOD_MATCH = YES;
				CODE_SIGN_IDENTITY = "iPhone Developer";
				COPY_PHASE_STRIP = NO;
				DEBUG_INFORMATION_FORMAT = dwarf;
				ENABLE_STRICT_OBJC_MSGSEND = YES;
				ENABLE_TESTABILITY = YES;
				GCC_C_LANGUAGE_STANDARD = gnu11;
				GCC_DYNAMIC_NO_PIC = NO;
				GCC_NO_COMMON_BLOCKS = YES;
				GCC_OPTIMIZATION_LEVEL = 0;
				GCC_PREPROCESSOR_DEFINITIONS = (
					"DEBUG=1",
					"$(inherited)",
				);
				GCC_WARN_64_TO_32_BIT_CONVERSION = YES;
				GCC_WARN_ABOUT_RETURN_TYPE = YES_ERROR;
				GCC_WARN_UNDECLARED_SELECTOR = YES;
				GCC_WARN_UNINITIALIZED_AUTOS = YES_AGGRESSIVE;
				GCC_WARN_UNUSED_FUNCTION = YES;
				GCC_WARN_UNUSED_VARIABLE = YES;
				IPHONEOS_DEPLOYMENT_TARGET = 11.0;
				MTL_ENABLE_DEBUG_INFO = YES;
				ONLY_ACTIVE_ARCH = YES;
				SDKROOT = iphoneos;
			};
			name = Debug;
		};
		1819EEB11F5D2E8C001AE0D4 /* Release */ = {
			isa = XCBuildConfiguration;
			buildSettings = {
				ALWAYS_SEARCH_USER_PATHS = NO;
				CLANG_ANALYZER_NONNULL = YES;
				CLANG_ANALYZER_NUMBER_OBJECT_CONVERSION = YES_AGGRESSIVE;
				CLANG_CXX_LANGUAGE_STANDARD = "gnu++14";
				CLANG_CXX_LIBRARY = "libc++";
				CLANG_ENABLE_MODULES = YES;
				CLANG_ENABLE_OBJC_ARC = YES;
				CLANG_WARN_BLOCK_CAPTURE_AUTORELEASING = YES;
				CLANG_WARN_BOOL_CONVERSION = YES;
				CLANG_WARN_COMMA = YES;
				CLANG_WARN_CONSTANT_CONVERSION = YES;
				CLANG_WARN_DIRECT_OBJC_ISA_USAGE = YES_ERROR;
				CLANG_WARN_DOCUMENTATION_COMMENTS = YES;
				CLANG_WARN_EMPTY_BODY = YES;
				CLANG_WARN_ENUM_CONVERSION = YES;
				CLANG_WARN_INFINITE_RECURSION = YES;
				CLANG_WARN_INT_CONVERSION = YES;
				CLANG_WARN_NON_LITERAL_NULL_CONVERSION = YES;
				CLANG_WARN_OBJC_LITERAL_CONVERSION = YES;
				CLANG_WARN_OBJC_ROOT_CLASS = YES_ERROR;
				CLANG_WARN_RANGE_LOOP_ANALYSIS = YES;
				CLANG_WARN_STRICT_PROTOTYPES = YES;
				CLANG_WARN_SUSPICIOUS_MOVE = YES;
				CLANG_WARN_UNGUARDED_AVAILABILITY = YES_AGGRESSIVE;
				CLANG_WARN_UNREACHABLE_CODE = YES;
				CLANG_WARN__DUPLICATE_METHOD_MATCH = YES;
				CODE_SIGN_IDENTITY = "iPhone Developer";
				COPY_PHASE_STRIP = NO;
				DEBUG_INFORMATION_FORMAT = "dwarf-with-dsym";
				ENABLE_NS_ASSERTIONS = NO;
				ENABLE_STRICT_OBJC_MSGSEND = YES;
				GCC_C_LANGUAGE_STANDARD = gnu11;
				GCC_NO_COMMON_BLOCKS = YES;
				GCC_WARN_64_TO_32_BIT_CONVERSION = YES;
				GCC_WARN_ABOUT_RETURN_TYPE = YES_ERROR;
				GCC_WARN_UNDECLARED_SELECTOR = YES;
				GCC_WARN_UNINITIALIZED_AUTOS = YES_AGGRESSIVE;
				GCC_WARN_UNUSED_FUNCTION = YES;
				GCC_WARN_UNUSED_VARIABLE = YES;
				IPHONEOS_DEPLOYMENT_TARGET = 11.0;
				MTL_ENABLE_DEBUG_INFO = NO;
				SDKROOT = iphoneos;
				VALIDATE_PRODUCT = YES;
			};
			name = Release;
		};
		1819EEB31F5D2E8C001AE0D4 /* Debug */ = {
			isa = XCBuildConfiguration;
			buildSettings = {
				ASSETCATALOG_COMPILER_APPICON_NAME = AppIcon;
				CODE_SIGN_STYLE = Automatic;
				DEVELOPMENT_TEAM = CZ4EZD2CV9;
				INFOPLIST_FILE = scenekit_AR/Info.plist;
				LD_RUNPATH_SEARCH_PATHS = "$(inherited) @executable_path/Frameworks";
				PRODUCT_BUNDLE_IDENTIFIER = my.test;
				PRODUCT_NAME = "$(TARGET_NAME)";
				TARGETED_DEVICE_FAMILY = "1,2";
			};
			name = Debug;
		};
		1819EEB41F5D2E8C001AE0D4 /* Release */ = {
			isa = XCBuildConfiguration;
			buildSettings = {
				ASSETCATALOG_COMPILER_APPICON_NAME = AppIcon;
				CODE_SIGN_STYLE = Automatic;
				DEVELOPMENT_TEAM = CZ4EZD2CV9;
				INFOPLIST_FILE = scenekit_AR/Info.plist;
				LD_RUNPATH_SEARCH_PATHS = "$(inherited) @executable_path/Frameworks";
				PRODUCT_BUNDLE_IDENTIFIER = my.test;
				PRODUCT_NAME = "$(TARGET_NAME)";
				TARGETED_DEVICE_FAMILY = "1,2";
			};
			name = Release;
		};
/* End XCBuildConfiguration section */

/* Begin XCConfigurationList section */
		1819EE951F5D2E8C001AE0D4 /* Build configuration list for PBXProject "scenekit_AR" */ = {
			isa = XCConfigurationList;
			buildConfigurations = (
				1819EEB01F5D2E8C001AE0D4 /* Debug */,
				1819EEB11F5D2E8C001AE0D4 /* Release */,
			);
			defaultConfigurationIsVisible = 0;
			defaultConfigurationName = Release;
		};
		1819EEB21F5D2E8C001AE0D4 /* Build configuration list for PBXNativeTarget "scenekit_AR" */ = {
			isa = XCConfigurationList;
			buildConfigurations = (
				1819EEB31F5D2E8C001AE0D4 /* Debug */,
				1819EEB41F5D2E8C001AE0D4 /* Release */,
			);
			defaultConfigurationIsVisible = 0;
			defaultConfigurationName = Release;
		};
/* End XCConfigurationList section */
	};
	rootObject = 1819EE921F5D2E8C001AE0D4 /* Project object */;
}
